
Microsoft Visual Studio Solution File, Format Version 12.00
# Visual Studio 15
VisualStudioVersion = 15.0.28307.489
MinimumVisualStudioVersion = 10.0.40219.1
Project("{FAE04EC0-301F-11D3-BF4B-00C04F79EFBC}") = "Gra_Kamien_Nozyce_Papier$", "Gra_Kamien_Nozyce_Papier$\Gra_Kamien_Nozyce_Papier$.csproj", "{A4F2345D-CBEE-4863-9AD6-8F2243D4D787}"
EndProject
Global
	GlobalSection(SolutionConfigurationPlatforms) = preSolution
		Debug|Any CPU = Debug|Any CPU
		Release|Any CPU = Release|Any CPU
	EndGlobalSection
	GlobalSection(ProjectConfigurationPlatforms) = postSolution
		{A4F2345D-CBEE-4863-9AD6-8F2243D4D787}.Debug|Any CPU.ActiveCfg = Debug|Any CPU
		{A4F2345D-CBEE-4863-9AD6-8F2243D4D787}.Debug|Any CPU.Build.0 = Debug|Any CPU
		{A4F2345D-CBEE-4863-9AD6-8F2243D4D787}.Release|Any CPU.ActiveCfg = Release|Any CPU
		{A4F2345D-CBEE-4863-9AD6-8F2243D4D787}.Release|Any CPU.Build.0 = Release|Any CPU
	EndGlobalSection
	GlobalSection(SolutionProperties) = preSolution
		HideSolutionNode = FALSE
	EndGlobalSection
	GlobalSection(ExtensibilityGlobals) = postSolution
		SolutionGuid = {64D13FC2-7AC2-4586-AA87-6AD2B0CFBB65}
	EndGlobalSection
EndGlobal
